
Microsoft Visual Studio Solution File, Format Version 12.00
# Visual Studio Version 17
VisualStudioVersion = 17.8.34330.188
MinimumVisualStudioVersion = 10.0.40219.1
Project("{9A19103F-16F7-4668-BE54-9A1E7A4F7556}") = "FootballLeagueWebsite", "FootballLeagueWebsite.csproj", "{FC146E28-2DF8-4DA4-9A60-9A62EC0444EA}"
EndProject
Global
	GlobalSection(SolutionConfigurationPlatforms) = preSolution
		Debug|Any CPU = Debug|Any CPU
		Release|Any CPU = Release|Any CPU
	EndGlobalSection
	GlobalSection(ProjectConfigurationPlatforms) = postSolution
		{FC146E28-2DF8-4DA4-9A60-9A62EC0444EA}.Debug|Any CPU.ActiveCfg = Debug|Any CPU
		{FC146E28-2DF8-4DA4-9A60-9A62EC0444EA}.Debug|Any CPU.Build.0 = Debug|Any CPU
		{FC146E28-2DF8-4DA4-9A60-9A62EC0444EA}.Release|Any CPU.ActiveCfg = Release|Any CPU
		{FC146E28-2DF8-4DA4-9A60-9A62EC0444EA}.Release|Any CPU.Build.0 = Release|Any CPU
	EndGlobalSection
	GlobalSection(SolutionProperties) = preSolution
		HideSolutionNode = FALSE
	EndGlobalSection
	GlobalSection(ExtensibilityGlobals) = postSolution
		SolutionGuid = {621597D4-F001-492C-A43B-B23ACA1A2ADF}
	EndGlobalSection
EndGlobal
